
Microsoft Visual Studio Solution File, Format Version 12.00
# Visual Studio Version 16
VisualStudioVersion = 16.0.30907.101
MinimumVisualStudioVersion = 10.0.40219.1
Project("{9A19103F-16F7-4668-BE54-9A1E7A4F7556}") = "Sorting", "Algorithms\Sorting.csproj", "{519C48CF-8F06-4DA0-AED4-23995E395155}"
EndProject
Project("{9A19103F-16F7-4668-BE54-9A1E7A4F7556}") = "Array1", "Array1\Array1.csproj", "{D247198A-9642-4A41-A70C-827E5861666F}"
EndProject
Project("{9A19103F-16F7-4668-BE54-9A1E7A4F7556}") = "Array2", "Array2\Array2.csproj", "{A0AC7BA9-B433-49D6-AE3F-A111081F50BB}"
EndProject
Project("{9A19103F-16F7-4668-BE54-9A1E7A4F7556}") = "Array3", "Array3\Array3.csproj", "{61D174AE-FBA8-444B-A491-315B3987303D}"
EndProject
Project("{9A19103F-16F7-4668-BE54-9A1E7A4F7556}") = "Array4", "Array4\Array4.csproj", "{642A3CD3-5CCB-4C8C-81AA-24621AD766E7}"
EndProject
Project("{9A19103F-16F7-4668-BE54-9A1E7A4F7556}") = "Array5", "Array5\Array5.csproj", "{78B648C8-BD04-4EFB-A9C2-F90A4F20DE68}"
EndProject
Project("{9A19103F-16F7-4668-BE54-9A1E7A4F7556}") = "Array6", "Array6\Array6.csproj", "{F6C8F01B-AF47-4F0C-AAA5-D51F6EE3CE4A}"
EndProject
Project("{9A19103F-16F7-4668-BE54-9A1E7A4F7556}") = "Array7", "Array7\Array7.csproj", "{CF8F5150-0BB7-43F3-B91C-8206E6A681B7}"
EndProject
Project("{9A19103F-16F7-4668-BE54-9A1E7A4F7556}") = "Array8", "Array8\Array8.csproj", "{EB14CD7B-29D0-4F2C-A3A8-AF3995B99970}"
EndProject
Project("{9A19103F-16F7-4668-BE54-9A1E7A4F7556}") = "Array9", "Array9\Array9.csproj", "{FCEE5100-C728-4BF8-BDF8-FE5363419F98}"
EndProject
Project("{9A19103F-16F7-4668-BE54-9A1E7A4F7556}") = "Array10", "Array10\Array10.csproj", "{A16F7F05-70CC-491B-92AE-D6F638AACE3F}"
EndProject
Project("{9A19103F-16F7-4668-BE54-9A1E7A4F7556}") = "Array11", "Array11\Array11.csproj", "{55EDDF3D-5172-4169-A91F-87E1A033A66C}"
EndProject
Project("{9A19103F-16F7-4668-BE54-9A1E7A4F7556}") = "Array12", "Array12\Array12.csproj", "{7754B6D7-F9A4-4D5A-996D-A88CEA2FA1E7}"
EndProject
Project("{9A19103F-16F7-4668-BE54-9A1E7A4F7556}") = "Array13", "Array13\Array13.csproj", "{2E65CA24-9AF7-4FAF-B1E2-DC08C4D3B2EC}"
EndProject
Project("{9A19103F-16F7-4668-BE54-9A1E7A4F7556}") = "Array14", "Array14\Array14.csproj", "{D86AE8BD-2310-4050-94B7-476A99DBCB67}"
EndProject
Project("{9A19103F-16F7-4668-BE54-9A1E7A4F7556}") = "Array15", "Array15\Array15.csproj", "{9FD54A5A-745D-4BAD-9772-4D663941A9B6}"
EndProject
Project("{9A19103F-16F7-4668-BE54-9A1E7A4F7556}") = "Array16", "Array16\Array16.csproj", "{0DE75027-A63F-4F8F-9D37-B2F8BB904864}"
EndProject
Project("{9A19103F-16F7-4668-BE54-9A1E7A4F7556}") = "Array17", "Array17\Array17.csproj", "{FD1A8EF0-5077-40C1-8314-1058F3F52AD3}"
EndProject
Project("{9A19103F-16F7-4668-BE54-9A1E7A4F7556}") = "Leetcode.RemoveDuplicatesFromSortedArray", "Leetcode.RemoveDuplicatesFromSortedArray\Leetcode.RemoveDuplicatesFromSortedArray.csproj", "{C0B72B7B-34A2-4DB0-B218-3B50B07ED2F2}"
EndProject
Project("{9A19103F-16F7-4668-BE54-9A1E7A4F7556}") = "SumOfArray", "SumOfArray\SumOfArray.csproj", "{329A52F7-E437-47EA-8CBC-91D877F3B69F}"
EndProject
Project("{FAE04EC0-301F-11D3-BF4B-00C04F79EFBC}") = "Array18", "Array18\Array18.csproj", "{26C4AE07-1374-402C-ADFD-A75A92D8DEE4}"
EndProject
Project("{FAE04EC0-301F-11D3-BF4B-00C04F79EFBC}") = "Array19", "Array19\Array19.csproj", "{7CF4D3D7-9A82-4D37-965B-CDCCCEA21E54}"
EndProject
Global
	GlobalSection(SolutionConfigurationPlatforms) = preSolution
		Debug|Any CPU = Debug|Any CPU
		Release|Any CPU = Release|Any CPU
	EndGlobalSection
	GlobalSection(ProjectConfigurationPlatforms) = postSolution
		{519C48CF-8F06-4DA0-AED4-23995E395155}.Debug|Any CPU.ActiveCfg = Debug|Any CPU
		{519C48CF-8F06-4DA0-AED4-23995E395155}.Debug|Any CPU.Build.0 = Debug|Any CPU
		{519C48CF-8F06-4DA0-AED4-23995E395155}.Release|Any CPU.ActiveCfg = Release|Any CPU
		{519C48CF-8F06-4DA0-AED4-23995E395155}.Release|Any CPU.Build.0 = Release|Any CPU
		{D247198A-9642-4A41-A70C-827E5861666F}.Debug|Any CPU.ActiveCfg = Debug|Any CPU
		{D247198A-9642-4A41-A70C-827E5861666F}.Debug|Any CPU.Build.0 = Debug|Any CPU
		{D247198A-9642-4A41-A70C-827E5861666F}.Release|Any CPU.ActiveCfg = Release|Any CPU
		{D247198A-9642-4A41-A70C-827E5861666F}.Release|Any CPU.Build.0 = Release|Any CPU
		{A0AC7BA9-B433-49D6-AE3F-A111081F50BB}.Debug|Any CPU.ActiveCfg = Debug|Any CPU
		{A0AC7BA9-B433-49D6-AE3F-A111081F50BB}.Debug|Any CPU.Build.0 = Debug|Any CPU
		{A0AC7BA9-B433-49D6-AE3F-A111081F50BB}.Release|Any CPU.ActiveCfg = Release|Any CPU
		{A0AC7BA9-B433-49D6-AE3F-A111081F50BB}.Release|Any CPU.Build.0 = Release|Any CPU
		{61D174AE-FBA8-444B-A491-315B3987303D}.Debug|Any CPU.ActiveCfg = Debug|Any CPU
		{61D174AE-FBA8-444B-A491-315B3987303D}.Debug|Any CPU.Build.0 = Debug|Any CPU
		{61D174AE-FBA8-444B-A491-315B3987303D}.Release|Any CPU.ActiveCfg = Release|Any CPU
		{61D174AE-FBA8-444B-A491-315B3987303D}.Release|Any CPU.Build.0 = Release|Any CPU
		{642A3CD3-5CCB-4C8C-81AA-24621AD766E7}.Debug|Any CPU.ActiveCfg = Debug|Any CPU
		{642A3CD3-5CCB-4C8C-81AA-24621AD766E7}.Debug|Any CPU.Build.0 = Debug|Any CPU
		{642A3CD3-5CCB-4C8C-81AA-24621AD766E7}.Release|Any CPU.ActiveCfg = Release|Any CPU
		{642A3CD3-5CCB-4C8C-81AA-24621AD766E7}.Release|Any CPU.Build.0 = Release|Any CPU
		{78B648C8-BD04-4EFB-A9C2-F90A4F20DE68}.Debug|Any CPU.ActiveCfg = Debug|Any CPU
		{78B648C8-BD04-4EFB-A9C2-F90A4F20DE68}.Debug|Any CPU.Build.0 = Debug|Any CPU
		{78B648C8-BD04-4EFB-A9C2-F90A4F20DE68}.Release|Any CPU.ActiveCfg = Release|Any CPU
		{78B648C8-BD04-4EFB-A9C2-F90A4F20DE68}.Release|Any CPU.Build.0 = Release|Any CPU
		{F6C8F01B-AF47-4F0C-AAA5-D51F6EE3CE4A}.Debug|Any CPU.ActiveCfg = Debug|Any CPU
		{F6C8F01B-AF47-4F0C-AAA5-D51F6EE3CE4A}.Debug|Any CPU.Build.0 = Debug|Any CPU
		{F6C8F01B-AF47-4F0C-AAA5-D51F6EE3CE4A}.Release|Any CPU.ActiveCfg = Release|Any CPU
		{F6C8F01B-AF47-4F0C-AAA5-D51F6EE3CE4A}.Release|Any CPU.Build.0 = Release|Any CPU
		{CF8F5150-0BB7-43F3-B91C-8206E6A681B7}.Debug|Any CPU.ActiveCfg = Debug|Any CPU
		{CF8F5150-0BB7-43F3-B91C-8206E6A681B7}.Debug|Any CPU.Build.0 = Debug|Any CPU
		{CF8F5150-0BB7-43F3-B91C-8206E6A681B7}.Release|Any CPU.ActiveCfg = Release|Any CPU
		{CF8F5150-0BB7-43F3-B91C-8206E6A681B7}.Release|Any CPU.Build.0 = Release|Any CPU
		{EB14CD7B-29D0-4F2C-A3A8-AF3995B99970}.Debug|Any CPU.ActiveCfg = Debug|Any CPU
		{EB14CD7B-29D0-4F2C-A3A8-AF3995B99970}.Debug|Any CPU.Build.0 = Debug|Any CPU
		{EB14CD7B-29D0-4F2C-A3A8-AF3995B99970}.Release|Any CPU.ActiveCfg = Release|Any CPU
		{EB14CD7B-29D0-4F2C-A3A8-AF3995B99970}.Release|Any CPU.Build.0 = Release|Any CPU
		{FCEE5100-C728-4BF8-BDF8-FE5363419F98}.Debug|Any CPU.ActiveCfg = Debug|Any CPU
		{FCEE5100-C728-4BF8-BDF8-FE5363419F98}.Debug|Any CPU.Build.0 = Debug|Any CPU
		{FCEE5100-C728-4BF8-BDF8-FE5363419F98}.Release|Any CPU.ActiveCfg = Release|Any CPU
		{FCEE5100-C728-4BF8-BDF8-FE5363419F98}.Release|Any CPU.Build.0 = Release|Any CPU
		{A16F7F05-70CC-491B-92AE-D6F638AACE3F}.Debug|Any CPU.ActiveCfg = Debug|Any CPU
		{A16F7F05-70CC-491B-92AE-D6F638AACE3F}.Debug|Any CPU.Build.0 = Debug|Any CPU
		{A16F7F05-70CC-491B-92AE-D6F638AACE3F}.Release|Any CPU.ActiveCfg = Release|Any CPU
		{A16F7F05-70CC-491B-92AE-D6F638AACE3F}.Release|Any CPU.Build.0 = Release|Any CPU
		{55EDDF3D-5172-4169-A91F-87E1A033A66C}.Debug|Any CPU.ActiveCfg = Debug|Any CPU
		{55EDDF3D-5172-4169-A91F-87E1A033A66C}.Debug|Any CPU.Build.0 = Debug|Any CPU
		{55EDDF3D-5172-4169-A91F-87E1A033A66C}.Release|Any CPU.ActiveCfg = Release|Any CPU
		{55EDDF3D-5172-4169-A91F-87E1A033A66C}.Release|Any CPU.Build.0 = Release|Any CPU
		{7754B6D7-F9A4-4D5A-996D-A88CEA2FA1E7}.Debug|Any CPU.ActiveCfg = Debug|Any CPU
		{7754B6D7-F9A4-4D5A-996D-A88CEA2FA1E7}.Debug|Any CPU.Build.0 = Debug|Any CPU
		{7754B6D7-F9A4-4D5A-996D-A88CEA2FA1E7}.Release|Any CPU.ActiveCfg = Release|Any CPU
		{7754B6D7-F9A4-4D5A-996D-A88CEA2FA1E7}.Release|Any CPU.Build.0 = Release|Any CPU
		{2E65CA24-9AF7-4FAF-B1E2-DC08C4D3B2EC}.Debug|Any CPU.ActiveCfg = Debug|Any CPU
		{2E65CA24-9AF7-4FAF-B1E2-DC08C4D3B2EC}.Debug|Any CPU.Build.0 = Debug|Any CPU
		{2E65CA24-9AF7-4FAF-B1E2-DC08C4D3B2EC}.Release|Any CPU.ActiveCfg = Release|Any CPU
		{2E65CA24-9AF7-4FAF-B1E2-DC08C4D3B2EC}.Release|Any CPU.Build.0 = Release|Any CPU
		{D86AE8BD-2310-4050-94B7-476A99DBCB67}.Debug|Any CPU.ActiveCfg = Debug|Any CPU
		{D86AE8BD-2310-4050-94B7-476A99DBCB67}.Debug|Any CPU.Build.0 = Debug|Any CPU
		{D86AE8BD-2310-4050-94B7-476A99DBCB67}.Release|Any CPU.ActiveCfg = Release|Any CPU
		{D86AE8BD-2310-4050-94B7-476A99DBCB67}.Release|Any CPU.Build.0 = Release|Any CPU
		{9FD54A5A-745D-4BAD-9772-4D663941A9B6}.Debug|Any CPU.ActiveCfg = Debug|Any CPU
		{9FD54A5A-745D-4BAD-9772-4D663941A9B6}.Debug|Any CPU.Build.0 = Debug|Any CPU
		{9FD54A5A-745D-4BAD-9772-4D663941A9B6}.Release|Any CPU.ActiveCfg = Release|Any CPU
		{9FD54A5A-745D-4BAD-9772-4D663941A9B6}.Release|Any CPU.Build.0 = Release|Any CPU
		{0DE75027-A63F-4F8F-9D37-B2F8BB904864}.Debug|Any CPU.ActiveCfg = Debug|Any CPU
		{0DE75027-A63F-4F8F-9D37-B2F8BB904864}.Debug|Any CPU.Build.0 = Debug|Any CPU
		{0DE75027-A63F-4F8F-9D37-B2F8BB904864}.Release|Any CPU.ActiveCfg = Release|Any CPU
		{0DE75027-A63F-4F8F-9D37-B2F8BB904864}.Release|Any CPU.Build.0 = Release|Any CPU
		{FD1A8EF0-5077-40C1-8314-1058F3F52AD3}.Debug|Any CPU.ActiveCfg = Debug|Any CPU
		{FD1A8EF0-5077-40C1-8314-1058F3F52AD3}.Debug|Any CPU.Build.0 = Debug|Any CPU
		{FD1A8EF0-5077-40C1-8314-1058F3F52AD3}.Release|Any CPU.ActiveCfg = Release|Any CPU
		{FD1A8EF0-5077-40C1-8314-1058F3F52AD3}.Release|Any CPU.Build.0 = Release|Any CPU
		{C0B72B7B-34A2-4DB0-B218-3B50B07ED2F2}.Debug|Any CPU.ActiveCfg = Debug|Any CPU
		{C0B72B7B-34A2-4DB0-B218-3B50B07ED2F2}.Debug|Any CPU.Build.0 = Debug|Any CPU
		{C0B72B7B-34A2-4DB0-B218-3B50B07ED2F2}.Release|Any CPU.ActiveCfg = Release|Any CPU
		{C0B72B7B-34A2-4DB0-B218-3B50B07ED2F2}.Release|Any CPU.Build.0 = Release|Any CPU
		{329A52F7-E437-47EA-8CBC-91D877F3B69F}.Debug|Any CPU.ActiveCfg = Debug|Any CPU
		{329A52F7-E437-47EA-8CBC-91D877F3B69F}.Debug|Any CPU.Build.0 = Debug|Any CPU
		{329A52F7-E437-47EA-8CBC-91D877F3B69F}.Release|Any CPU.ActiveCfg = Release|Any CPU
		{329A52F7-E437-47EA-8CBC-91D877F3B69F}.Release|Any CPU.Build.0 = Release|Any CPU
		{26C4AE07-1374-402C-ADFD-A75A92D8DEE4}.Debug|Any CPU.ActiveCfg = Debug|Any CPU
		{26C4AE07-1374-402C-ADFD-A75A92D8DEE4}.Debug|Any CPU.Build.0 = Debug|Any CPU
		{26C4AE07-1374-402C-ADFD-A75A92D8DEE4}.Release|Any CPU.ActiveCfg = Release|Any CPU
		{26C4AE07-1374-402C-ADFD-A75A92D8DEE4}.Release|Any CPU.Build.0 = Release|Any CPU
		{7CF4D3D7-9A82-4D37-965B-CDCCCEA21E54}.Debug|Any CPU.ActiveCfg = Debug|Any CPU
		{7CF4D3D7-9A82-4D37-965B-CDCCCEA21E54}.Debug|Any CPU.Build.0 = Debug|Any CPU
		{7CF4D3D7-9A82-4D37-965B-CDCCCEA21E54}.Release|Any CPU.ActiveCfg = Release|Any CPU
		{7CF4D3D7-9A82-4D37-965B-CDCCCEA21E54}.Release|Any CPU.Build.0 = Release|Any CPU
	EndGlobalSection
	GlobalSection(SolutionProperties) = preSolution
		HideSolutionNode = FALSE
	EndGlobalSection
	GlobalSection(ExtensibilityGlobals) = postSolution
		SolutionGuid = {F1C30E68-EB0F-4BC0-8EFB-F3DE2527DC57}
	EndGlobalSection
EndGlobal
